
Microsoft Visual Studio Solution File, Format Version 12.00
# Visual Studio Version 16
VisualStudioVersion = 16.0.31313.79
MinimumVisualStudioVersion = 10.0.40219.1
Project("{2150E333-8FDC-42A3-9474-1A3956D46DE8}") = "Frontend", "Frontend", "{6F8B91F0-E737-4EB1-A893-941D2362D888}"
EndProject
Project("{9A19103F-16F7-4668-BE54-9A1E7A4F7556}") = "mango.web", "Mango.web\mango.web.csproj", "{802DC75F-2259-4592-8F5E-E686A8CB6023}"
EndProject
Project("{2150E333-8FDC-42A3-9474-1A3956D46DE8}") = "Services", "Services", "{3DCD3F44-F8C0-4923-BE0A-F055773D7158}"
EndProject
Project("{2150E333-8FDC-42A3-9474-1A3956D46DE8}") = "managers", "managers", "{33B71942-46AD-4A3F-BC58-59C4DD7FED90}"
EndProject
Project("{2150E333-8FDC-42A3-9474-1A3956D46DE8}") = "repositories", "repositories", "{E901C0E1-B998-43A5-8E0A-54D7C70402A9}"
EndProject
Project("{9A19103F-16F7-4668-BE54-9A1E7A4F7556}") = "mango.product.api", "mango.product.api\mango.product.api.csproj", "{A81CBDAF-67CF-4B3C-938E-82BAE1BA4FA6}"
EndProject
Project("{9A19103F-16F7-4668-BE54-9A1E7A4F7556}") = "mango.product.repository", "mango.product.repository\mango.product.repository.csproj", "{BA5BDB74-BD26-4F25-B857-E698BF4BCFA1}"
EndProject
Project("{9A19103F-16F7-4668-BE54-9A1E7A4F7556}") = "mango.product.manager", "mango.product.manager\mango.product.manager.csproj", "{9D5C72C2-1C1E-4F04-8249-0F729D6543B2}"
EndProject
Global
	GlobalSection(SolutionConfigurationPlatforms) = preSolution
		Debug|Any CPU = Debug|Any CPU
		Release|Any CPU = Release|Any CPU
	EndGlobalSection
	GlobalSection(ProjectConfigurationPlatforms) = postSolution
		{802DC75F-2259-4592-8F5E-E686A8CB6023}.Debug|Any CPU.ActiveCfg = Debug|Any CPU
		{802DC75F-2259-4592-8F5E-E686A8CB6023}.Debug|Any CPU.Build.0 = Debug|Any CPU
		{802DC75F-2259-4592-8F5E-E686A8CB6023}.Release|Any CPU.ActiveCfg = Release|Any CPU
		{802DC75F-2259-4592-8F5E-E686A8CB6023}.Release|Any CPU.Build.0 = Release|Any CPU
		{A81CBDAF-67CF-4B3C-938E-82BAE1BA4FA6}.Debug|Any CPU.ActiveCfg = Debug|Any CPU
		{A81CBDAF-67CF-4B3C-938E-82BAE1BA4FA6}.Debug|Any CPU.Build.0 = Debug|Any CPU
		{A81CBDAF-67CF-4B3C-938E-82BAE1BA4FA6}.Release|Any CPU.ActiveCfg = Release|Any CPU
		{A81CBDAF-67CF-4B3C-938E-82BAE1BA4FA6}.Release|Any CPU.Build.0 = Release|Any CPU
		{BA5BDB74-BD26-4F25-B857-E698BF4BCFA1}.Debug|Any CPU.ActiveCfg = Debug|Any CPU
		{BA5BDB74-BD26-4F25-B857-E698BF4BCFA1}.Debug|Any CPU.Build.0 = Debug|Any CPU
		{BA5BDB74-BD26-4F25-B857-E698BF4BCFA1}.Release|Any CPU.ActiveCfg = Release|Any CPU
		{BA5BDB74-BD26-4F25-B857-E698BF4BCFA1}.Release|Any CPU.Build.0 = Release|Any CPU
		{9D5C72C2-1C1E-4F04-8249-0F729D6543B2}.Debug|Any CPU.ActiveCfg = Debug|Any CPU
		{9D5C72C2-1C1E-4F04-8249-0F729D6543B2}.Debug|Any CPU.Build.0 = Debug|Any CPU
		{9D5C72C2-1C1E-4F04-8249-0F729D6543B2}.Release|Any CPU.ActiveCfg = Release|Any CPU
		{9D5C72C2-1C1E-4F04-8249-0F729D6543B2}.Release|Any CPU.Build.0 = Release|Any CPU
	EndGlobalSection
	GlobalSection(SolutionProperties) = preSolution
		HideSolutionNode = FALSE
	EndGlobalSection
	GlobalSection(NestedProjects) = preSolution
		{802DC75F-2259-4592-8F5E-E686A8CB6023} = {6F8B91F0-E737-4EB1-A893-941D2362D888}
		{A81CBDAF-67CF-4B3C-938E-82BAE1BA4FA6} = {3DCD3F44-F8C0-4923-BE0A-F055773D7158}
		{BA5BDB74-BD26-4F25-B857-E698BF4BCFA1} = {E901C0E1-B998-43A5-8E0A-54D7C70402A9}
		{9D5C72C2-1C1E-4F04-8249-0F729D6543B2} = {33B71942-46AD-4A3F-BC58-59C4DD7FED90}
	EndGlobalSection
	GlobalSection(ExtensibilityGlobals) = postSolution
		SolutionGuid = {35FAD2FD-8A40-4DD1-B47C-5E9CA11E1A86}
	EndGlobalSection
EndGlobal
